<?xml version="1.0" encoding="utf-8"?>
<Project ToolsVersion="4.0" xmlns="http://schemas.microsoft.com/developer/msbuild/2003">
  <ItemGroup>
    <ClCompile Include="..\circular.cpp">
      <Filter>Source</Filter>
    </ClCompile>
    <ClCompile Include="..\cross_section.cpp">
      <Filter>Source</Filter>
    </ClCompile>
  </ItemGroup>
  <ItemGroup>
    <ClInclude Include="..\circular.h">
      <Filter>Headers</Filter>
    </ClInclude>
    <ClInclude Include="..\dummy.h">
      <Filter>Headers</Filter>
    </ClInclude>
    <ClInclude Include="..\cross_section.h">
      <Filter>Headers</Filter>
    </ClInclude>
    <ClInclude Include="..\reach.h">
      <Filter>Headers</Filter>
    </ClInclude>
    <ClInclude Include="..\types.h">
      <Filter>Headers</Filter>
    </ClInclude>
  </ItemGroup>
  <ItemGroup>
    <Filter Include="Headers">
      <UniqueIdentifier>{eb7d3aeb-5187-469b-8958-487cb44283ce}</UniqueIdentifier>
    </Filter>
    <Filter Include="Source">
      <UniqueIdentifier>{cff965c6-e788-4356-85ba-9d66a6b1937c}</UniqueIdentifier>
    </Filter>
  </ItemGroup>
</Project>