<?xml version="1.0" encoding="utf-8"?>
<Project ToolsVersion="4.0" xmlns="http://schemas.microsoft.com/developer/msbuild/2003">
  <ItemGroup>
    <ClCompile Include="..\errors.cpp">
      <Filter>Source Files</Filter>
    </ClCompile>
    <ClCompile Include="..\hpg.cpp">
      <Filter>Source Files</Filter>
    </ClCompile>
    <ClCompile Include="..\hpg_io.cpp">
      <Filter>Source Files</Filter>
    </ClCompile>
    <ClCompile Include="..\interp_helpers.cpp">
      <Filter>Source Files</Filter>
    </ClCompile>
    <ClCompile Include="..\interpolation.cpp">
      <Filter>Source Files</Filter>
    </ClCompile>
    <ClCompile Include="..\splines.cpp">
      <Filter>Source Files</Filter>
    </ClCompile>
  </ItemGroup>
  <ItemGroup>
    <ClInclude Include="..\debug.h">
      <Filter>Header Files</Filter>
    </ClInclude>
    <ClInclude Include="..\errors.hpp">
      <Filter>Header Files</Filter>
    </ClInclude>
    <ClInclude Include="..\hpg.hpp">
      <Filter>Header Files</Filter>
    </ClInclude>
    <ClInclude Include="..\split.hpp">
      <Filter>Header Files</Filter>
    </ClInclude>
    <ClInclude Include="..\point.h">
      <Filter>Header Files</Filter>
    </ClInclude>
    <ClInclude Include="..\types.h">
      <Filter>Header Files</Filter>
    </ClInclude>
    <ClInclude Include="..\impl.h">
      <Filter>Header Files</Filter>
    </ClInclude>
    <ClInclude Include="..\spline-bannerman.hpp">
      <Filter>Header Files</Filter>
    </ClInclude>
    <ClInclude Include="..\spline-lane.hpp">
      <Filter>Header Files</Filter>
    </ClInclude>
    <ClInclude Include="..\spline-tk.h">
      <Filter>Header Files</Filter>
    </ClInclude>
    <ClInclude Include="..\spline.h">
      <Filter>Header Files</Filter>
    </ClInclude>
  </ItemGroup>
  <ItemGroup>
    <Filter Include="Header Files">
      <UniqueIdentifier>{e7f94667-d5ec-4ceb-8858-2162e7920780}</UniqueIdentifier>
    </Filter>
    <Filter Include="Source Files">
      <UniqueIdentifier>{1ff60656-c063-4c72-b61a-3f6445189fa4}</UniqueIdentifier>
    </Filter>
  </ItemGroup>
</Project>