
Microsoft Visual Studio Solution File, Format Version 9.00
# Visual Studio 2005
Project("{8BC9CEB8-8B4A-11D0-8D11-00A0C91BC942}") = "ICAP", "ICAP.vcproj", "{A8A61DC2-1BB7-49C8-93C9-CE5CFA2AD5BA}"
	ProjectSection(WebsiteProperties) = preProject
		Debug.AspNetCompiler.Debug = "True"
		Release.AspNetCompiler.Debug = "False"
	EndProjectSection
	ProjectSection(ProjectDependencies) = postProject
		{A6E7CA6C-5CA9-4870-92BF-5FB6EA6E4357} = {A6E7CA6C-5CA9-4870-92BF-5FB6EA6E4357}
	EndProjectSection
EndProject
Project("{8BC9CEB8-8B4A-11D0-8D11-00A0C91BC942}") = "SWMM-LIB", "SWMM-LIB.vcproj", "{A6E7CA6C-5CA9-4870-92BF-5FB6EA6E4357}"
	ProjectSection(WebsiteProperties) = preProject
		Debug.AspNetCompiler.Debug = "True"
		Release.AspNetCompiler.Debug = "False"
	EndProjectSection
EndProject
Global
	GlobalSection(SolutionConfigurationPlatforms) = preSolution
		Debug_Static_DLL|Win32 = Debug_Static_DLL|Win32
		Debug_Static|Win32 = Debug_Static|Win32
		Debug_Test_Losses|Win32 = Debug_Test_Losses|Win32
		Debug|Win32 = Debug|Win32
		DLL_Debug|Win32 = DLL_Debug|Win32
		DLL_Release_Benchmark|Win32 = DLL_Release_Benchmark|Win32
		DLL_Release|Win32 = DLL_Release|Win32
		Release_Static|Win32 = Release_Static|Win32
		Release|Win32 = Release|Win32
	EndGlobalSection
	GlobalSection(ProjectConfigurationPlatforms) = postSolution
		{A8A61DC2-1BB7-49C8-93C9-CE5CFA2AD5BA}.Debug_Static_DLL|Win32.ActiveCfg = Debug_Static_DLL|Win32
		{A8A61DC2-1BB7-49C8-93C9-CE5CFA2AD5BA}.Debug_Static_DLL|Win32.Build.0 = Debug_Static_DLL|Win32
		{A8A61DC2-1BB7-49C8-93C9-CE5CFA2AD5BA}.Debug_Static|Win32.ActiveCfg = Debug_Static|Win32
		{A8A61DC2-1BB7-49C8-93C9-CE5CFA2AD5BA}.Debug_Static|Win32.Build.0 = Debug_Static|Win32
		{A8A61DC2-1BB7-49C8-93C9-CE5CFA2AD5BA}.Debug_Test_Losses|Win32.ActiveCfg = Debug_Test_Losses|Win32
		{A8A61DC2-1BB7-49C8-93C9-CE5CFA2AD5BA}.Debug_Test_Losses|Win32.Build.0 = Debug_Test_Losses|Win32
		{A8A61DC2-1BB7-49C8-93C9-CE5CFA2AD5BA}.Debug|Win32.ActiveCfg = Debug|Win32
		{A8A61DC2-1BB7-49C8-93C9-CE5CFA2AD5BA}.Debug|Win32.Build.0 = Debug|Win32
		{A8A61DC2-1BB7-49C8-93C9-CE5CFA2AD5BA}.DLL_Debug|Win32.ActiveCfg = DLL_Debug|Win32
		{A8A61DC2-1BB7-49C8-93C9-CE5CFA2AD5BA}.DLL_Debug|Win32.Build.0 = DLL_Debug|Win32
		{A8A61DC2-1BB7-49C8-93C9-CE5CFA2AD5BA}.DLL_Release_Benchmark|Win32.ActiveCfg = DLL_Release_Benchmark|Win32
		{A8A61DC2-1BB7-49C8-93C9-CE5CFA2AD5BA}.DLL_Release_Benchmark|Win32.Build.0 = DLL_Release_Benchmark|Win32
		{A8A61DC2-1BB7-49C8-93C9-CE5CFA2AD5BA}.DLL_Release|Win32.ActiveCfg = DLL_Release|Win32
		{A8A61DC2-1BB7-49C8-93C9-CE5CFA2AD5BA}.DLL_Release|Win32.Build.0 = DLL_Release|Win32
		{A8A61DC2-1BB7-49C8-93C9-CE5CFA2AD5BA}.Release_Static|Win32.ActiveCfg = Release_Static|Win32
		{A8A61DC2-1BB7-49C8-93C9-CE5CFA2AD5BA}.Release_Static|Win32.Build.0 = Release_Static|Win32
		{A8A61DC2-1BB7-49C8-93C9-CE5CFA2AD5BA}.Release|Win32.ActiveCfg = Release|Win32
		{A8A61DC2-1BB7-49C8-93C9-CE5CFA2AD5BA}.Release|Win32.Build.0 = Release|Win32
		{A6E7CA6C-5CA9-4870-92BF-5FB6EA6E4357}.Debug_Static_DLL|Win32.ActiveCfg = Debug_Static_DLL|Win32
		{A6E7CA6C-5CA9-4870-92BF-5FB6EA6E4357}.Debug_Static_DLL|Win32.Build.0 = Debug_Static_DLL|Win32
		{A6E7CA6C-5CA9-4870-92BF-5FB6EA6E4357}.Debug_Static|Win32.ActiveCfg = Debug_Static|Win32
		{A6E7CA6C-5CA9-4870-92BF-5FB6EA6E4357}.Debug_Static|Win32.Build.0 = Debug_Static|Win32
		{A6E7CA6C-5CA9-4870-92BF-5FB6EA6E4357}.Debug_Test_Losses|Win32.ActiveCfg = Debug_Test_Losses|Win32
		{A6E7CA6C-5CA9-4870-92BF-5FB6EA6E4357}.Debug_Test_Losses|Win32.Build.0 = Debug_Test_Losses|Win32
		{A6E7CA6C-5CA9-4870-92BF-5FB6EA6E4357}.Debug|Win32.ActiveCfg = Debug|Win32
		{A6E7CA6C-5CA9-4870-92BF-5FB6EA6E4357}.Debug|Win32.Build.0 = Debug|Win32
		{A6E7CA6C-5CA9-4870-92BF-5FB6EA6E4357}.DLL_Debug|Win32.ActiveCfg = DLL_Debug|Win32
		{A6E7CA6C-5CA9-4870-92BF-5FB6EA6E4357}.DLL_Debug|Win32.Build.0 = DLL_Debug|Win32
		{A6E7CA6C-5CA9-4870-92BF-5FB6EA6E4357}.DLL_Release_Benchmark|Win32.ActiveCfg = DLL_Release_Benchmark|Win32
		{A6E7CA6C-5CA9-4870-92BF-5FB6EA6E4357}.DLL_Release_Benchmark|Win32.Build.0 = DLL_Release_Benchmark|Win32
		{A6E7CA6C-5CA9-4870-92BF-5FB6EA6E4357}.DLL_Release|Win32.ActiveCfg = DLL_Release|Win32
		{A6E7CA6C-5CA9-4870-92BF-5FB6EA6E4357}.DLL_Release|Win32.Build.0 = DLL_Release|Win32
		{A6E7CA6C-5CA9-4870-92BF-5FB6EA6E4357}.Release_Static|Win32.ActiveCfg = Release_Static|Win32
		{A6E7CA6C-5CA9-4870-92BF-5FB6EA6E4357}.Release_Static|Win32.Build.0 = Release_Static|Win32
		{A6E7CA6C-5CA9-4870-92BF-5FB6EA6E4357}.Release|Win32.ActiveCfg = Release|Win32
		{A6E7CA6C-5CA9-4870-92BF-5FB6EA6E4357}.Release|Win32.Build.0 = Release|Win32
	EndGlobalSection
	GlobalSection(SolutionProperties) = preSolution
		HideSolutionNode = FALSE
	EndGlobalSection
EndGlobal
